
Microsoft Visual Studio Solution File, Format Version 12.00
# Visual Studio Version 17
VisualStudioVersion = 17.5.33627.172
MinimumVisualStudioVersion = 10.0.40219.1
Project("{FAE04EC0-301F-11D3-BF4B-00C04F79EFBC}") = "CarManagement", "CarManagement\CarManagement.csproj", "{139129F5-A9E2-4E97-9165-14201A8217DA}"
EndProject
Global
	GlobalSection(SolutionConfigurationPlatforms) = preSolution
		Debug|Any CPU = Debug|Any CPU
		Release|Any CPU = Release|Any CPU
	EndGlobalSection
	GlobalSection(ProjectConfigurationPlatforms) = postSolution
		{139129F5-A9E2-4E97-9165-14201A8217DA}.Debug|Any CPU.ActiveCfg = Debug|Any CPU
		{139129F5-A9E2-4E97-9165-14201A8217DA}.Debug|Any CPU.Build.0 = Debug|Any CPU
		{139129F5-A9E2-4E97-9165-14201A8217DA}.Release|Any CPU.ActiveCfg = Release|Any CPU
		{139129F5-A9E2-4E97-9165-14201A8217DA}.Release|Any CPU.Build.0 = Release|Any CPU
	EndGlobalSection
	GlobalSection(SolutionProperties) = preSolution
		HideSolutionNode = FALSE
	EndGlobalSection
	GlobalSection(ExtensibilityGlobals) = postSolution
		SolutionGuid = {B2B414CD-2F91-4058-9918-56CF648028E7}
	EndGlobalSection
EndGlobal
